// !$*UTF8*$!
{
	archiveVersion = 1;
	classes = {
	};
	objectVersion = 55;
	objects = {

/* Begin PBXBuildFile section */
		71A4187790DC79B6BCC83E77 /* Pods_API_App.framework in Frameworks */ = {isa = PBXBuildFile; fileRef = 8CC8174028DFD1D91EB840D9 /* Pods_API_App.framework */; };
		847F88F628AC2B59009414F5 /* AppDelegate.swift in Sources */ = {isa = PBXBuildFile; fileRef = 847F88F528AC2B59009414F5 /* AppDelegate.swift */; };
		847F88F828AC2B59009414F5 /* SceneDelegate.swift in Sources */ = {isa = PBXBuildFile; fileRef = 847F88F728AC2B59009414F5 /* SceneDelegate.swift */; };
		847F88FA28AC2B59009414F5 /* ViewController.swift in Sources */ = {isa = PBXBuildFile; fileRef = 847F88F928AC2B59009414F5 /* ViewController.swift */; };
		847F88FF28AC2B5C009414F5 /* Assets.xcassets in Resources */ = {isa = PBXBuildFile; fileRef = 847F88FE28AC2B5C009414F5 /* Assets.xcassets */; };
		847F890228AC2B5C009414F5 /* LaunchScreen.storyboard in Resources */ = {isa = PBXBuildFile; fileRef = 847F890028AC2B5C009414F5 /* LaunchScreen.storyboard */; };
		8483665328AC4138004DCAB5 /* DataBaseManager.swift in Sources */ = {isa = PBXBuildFile; fileRef = 8483665228AC4138004DCAB5 /* DataBaseManager.swift */; };
		8483665528AC4F48004DCAB5 /* Photo.swift in Sources */ = {isa = PBXBuildFile; fileRef = 8483665428AC4F48004DCAB5 /* Photo.swift */; };
		8483665728AD9933004DCAB5 /* TableViewCell.swift in Sources */ = {isa = PBXBuildFile; fileRef = 8483665628AD9933004DCAB5 /* TableViewCell.swift */; };
		8483665928AD9BC8004DCAB5 /* TableViewCell.xib in Resources */ = {isa = PBXBuildFile; fileRef = 8483665828AD9BC8004DCAB5 /* TableViewCell.xib */; };
		8483665C28ADB678004DCAB5 /* Main.storyboard in Resources */ = {isa = PBXBuildFile; fileRef = 8483665A28ADB678004DCAB5 /* Main.storyboard */; };
		8483665E28AECFAA004DCAB5 /* DetailViewViewController.swift in Sources */ = {isa = PBXBuildFile; fileRef = 8483665D28AECFAA004DCAB5 /* DetailViewViewController.swift */; };
/* End PBXBuildFile section */

/* Begin PBXFileReference section */
		847F88F228AC2B59009414F5 /* API_App.app */ = {isa = PBXFileReference; explicitFileType = wrapper.application; includeInIndex = 0; path = API_App.app; sourceTree = BUILT_PRODUCTS_DIR; };
		847F88F528AC2B59009414F5 /* AppDelegate.swift */ = {isa = PBXFileReference; lastKnownFileType = sourcecode.swift; path = AppDelegate.swift; sourceTree = "<group>"; };
		847F88F728AC2B59009414F5 /* SceneDelegate.swift */ = {isa = PBXFileReference; lastKnownFileType = sourcecode.swift; path = SceneDelegate.swift; sourceTree = "<group>"; };
		847F88F928AC2B59009414F5 /* ViewController.swift */ = {isa = PBXFileReference; lastKnownFileType = sourcecode.swift; path = ViewController.swift; sourceTree = "<group>"; };
		847F88FE28AC2B5C009414F5 /* Assets.xcassets */ = {isa = PBXFileReference; lastKnownFileType = folder.assetcatalog; path = Assets.xcassets; sourceTree = "<group>"; };
		847F890128AC2B5C009414F5 /* Base */ = {isa = PBXFileReference; lastKnownFileType = file.storyboard; name = Base; path = Base.lproj/LaunchScreen.storyboard; sourceTree = "<group>"; };
		847F890328AC2B5C009414F5 /* Info.plist */ = {isa = PBXFileReference; lastKnownFileType = text.plist.xml; path = Info.plist; sourceTree = "<group>"; };
		8483665228AC4138004DCAB5 /* DataBaseManager.swift */ = {isa = PBXFileReference; lastKnownFileType = sourcecode.swift; path = DataBaseManager.swift; sourceTree = "<group>"; };
		8483665428AC4F48004DCAB5 /* Photo.swift */ = {isa = PBXFileReference; lastKnownFileType = sourcecode.swift; path = Photo.swift; sourceTree = "<group>"; };
		8483665628AD9933004DCAB5 /* TableViewCell.swift */ = {isa = PBXFileReference; lastKnownFileType = sourcecode.swift; path = TableViewCell.swift; sourceTree = "<group>"; };
		8483665828AD9BC8004DCAB5 /* TableViewCell.xib */ = {isa = PBXFileReference; fileEncoding = 4; lastKnownFileType = file.xib; path = TableViewCell.xib; sourceTree = "<group>"; };
		8483665B28ADB678004DCAB5 /* Base */ = {isa = PBXFileReference; lastKnownFileType = file.storyboard; name = Base; path = Base.lproj/Main.storyboard; sourceTree = "<group>"; };
		8483665D28AECFAA004DCAB5 /* DetailViewViewController.swift */ = {isa = PBXFileReference; fileEncoding = 4; lastKnownFileType = sourcecode.swift; path = DetailViewViewController.swift; sourceTree = "<group>"; };
		8CC8174028DFD1D91EB840D9 /* Pods_API_App.framework */ = {isa = PBXFileReference; explicitFileType = wrapper.framework; includeInIndex = 0; path = Pods_API_App.framework; sourceTree = BUILT_PRODUCTS_DIR; };
		C6108434D3A77F1030EA3088 /* Pods-API_App.debug.xcconfig */ = {isa = PBXFileReference; includeInIndex = 1; lastKnownFileType = text.xcconfig; name = "Pods-API_App.debug.xcconfig"; path = "Target Support Files/Pods-API_App/Pods-API_App.debug.xcconfig"; sourceTree = "<group>"; };
		DC42E1446BCD965F8B7FA1CE /* Pods-API_App.release.xcconfig */ = {isa = PBXFileReference; includeInIndex = 1; lastKnownFileType = text.xcconfig; name = "Pods-API_App.release.xcconfig"; path = "Target Support Files/Pods-API_App/Pods-API_App.release.xcconfig"; sourceTree = "<group>"; };
/* End PBXFileReference section */

/* Begin PBXFrameworksBuildPhase section */
		847F88EF28AC2B59009414F5 /* Frameworks */ = {
			isa = PBXFrameworksBuildPhase;
			buildActionMask = 2147483647;
			files = (
				71A4187790DC79B6BCC83E77 /* Pods_API_App.framework in Frameworks */,
			);
			runOnlyForDeploymentPostprocessing = 0;
		};
/* End PBXFrameworksBuildPhase section */

/* Begin PBXGroup section */
		696734AD897EB5D24A7EFFC0 /* Frameworks */ = {
			isa = PBXGroup;
			children = (
				8CC8174028DFD1D91EB840D9 /* Pods_API_App.framework */,
			);
			name = Frameworks;
			sourceTree = "<group>";
		};
		847F88E928AC2B59009414F5 = {
			isa = PBXGroup;
			children = (
				847F88F428AC2B59009414F5 /* API_App */,
				847F88F328AC2B59009414F5 /* Products */,
				C1DB24E930A6C56CFC6CCC90 /* Pods */,
				696734AD897EB5D24A7EFFC0 /* Frameworks */,
			);
			sourceTree = "<group>";
		};
		847F88F328AC2B59009414F5 /* Products */ = {
			isa = PBXGroup;
			children = (
				847F88F228AC2B59009414F5 /* API_App.app */,
			);
			name = Products;
			sourceTree = "<group>";
		};
		847F88F428AC2B59009414F5 /* API_App */ = {
			isa = PBXGroup;
			children = (
				8483665128AC40B4004DCAB5 /* Helper */,
				847F88F528AC2B59009414F5 /* AppDelegate.swift */,
				847F88F728AC2B59009414F5 /* SceneDelegate.swift */,
				847F88F928AC2B59009414F5 /* ViewController.swift */,
				8483665628AD9933004DCAB5 /* TableViewCell.swift */,
				8483665828AD9BC8004DCAB5 /* TableViewCell.xib */,
				8483665D28AECFAA004DCAB5 /* DetailViewViewController.swift */,
				847F88FE28AC2B5C009414F5 /* Assets.xcassets */,
				8483665A28ADB678004DCAB5 /* Main.storyboard */,
				847F890028AC2B5C009414F5 /* LaunchScreen.storyboard */,
				847F890328AC2B5C009414F5 /* Info.plist */,
			);
			path = API_App;
			sourceTree = "<group>";
		};
		8483665128AC40B4004DCAB5 /* Helper */ = {
			isa = PBXGroup;
			children = (
				8483665228AC4138004DCAB5 /* DataBaseManager.swift */,
				8483665428AC4F48004DCAB5 /* Photo.swift */,
			);
			path = Helper;
			sourceTree = "<group>";
		};
		C1DB24E930A6C56CFC6CCC90 /* Pods */ = {
			isa = PBXGroup;
			children = (
				C6108434D3A77F1030EA3088 /* Pods-API_App.debug.xcconfig */,
				DC42E1446BCD965F8B7FA1CE /* Pods-API_App.release.xcconfig */,
			);
			path = Pods;
			sourceTree = "<group>";
		};
/* End PBXGroup section */

/* Begin PBXNativeTarget section */
		847F88F128AC2B59009414F5 /* API_App */ = {
			isa = PBXNativeTarget;
			buildConfigurationList = 847F890628AC2B5C009414F5 /* Build configuration list for PBXNativeTarget "API_App" */;
			buildPhases = (
				DEDA95B24419F67FEA72116F /* [CP] Check Pods Manifest.lock */,
				847F88EE28AC2B59009414F5 /* Sources */,
				847F88EF28AC2B59009414F5 /* Frameworks */,
				847F88F028AC2B59009414F5 /* Resources */,
				9AEDA6C7BDFCCA4AC936F424 /* [CP] Embed Pods Frameworks */,
			);
			buildRules = (
			);
			dependencies = (
			);
			name = API_App;
			productName = API_App;
			productReference = 847F88F228AC2B59009414F5 /* API_App.app */;
			productType = "com.apple.product-type.application";
		};
/* End PBXNativeTarget section */

/* Begin PBXProject section */
		847F88EA28AC2B59009414F5 /* Project object */ = {
			isa = PBXProject;
			attributes = {
				BuildIndependentTargetsInParallel = 1;
				LastSwiftUpdateCheck = 1340;
				LastUpgradeCheck = 1340;
				TargetAttributes = {
					847F88F128AC2B59009414F5 = {
						CreatedOnToolsVersion = 13.4.1;
					};
				};
			};
			buildConfigurationList = 847F88ED28AC2B59009414F5 /* Build configuration list for PBXProject "API_App" */;
			compatibilityVersion = "Xcode 13.0";
			developmentRegion = en;
			hasScannedForEncodings = 0;
			knownRegions = (
				en,
				Base,
			);
			mainGroup = 847F88E928AC2B59009414F5;
			productRefGroup = 847F88F328AC2B59009414F5 /* Products */;
			projectDirPath = "";
			projectRoot = "";
			targets = (
				847F88F128AC2B59009414F5 /* API_App */,
			);
		};
/* End PBXProject section */

/* Begin PBXResourcesBuildPhase section */
		847F88F028AC2B59009414F5 /* Resources */ = {
			isa = PBXResourcesBuildPhase;
			buildActionMask = 2147483647;
			files = (
				847F890228AC2B5C009414F5 /* LaunchScreen.storyboard in Resources */,
				8483665928AD9BC8004DCAB5 /* TableViewCell.xib in Resources */,
				847F88FF28AC2B5C009414F5 /* Assets.xcassets in Resources */,
				8483665C28ADB678004DCAB5 /* Main.storyboard in Resources */,
			);
			runOnlyForDeploymentPostprocessing = 0;
		};
/* End PBXResourcesBuildPhase section */

/* Begin PBXShellScriptBuildPhase section */
		9AEDA6C7BDFCCA4AC936F424 /* [CP] Embed Pods Frameworks */ = {
			isa = PBXShellScriptBuildPhase;
			buildActionMask = 2147483647;
			files = (
			);
			inputFileListPaths = (
				"${PODS_ROOT}/Target Support Files/Pods-API_App/Pods-API_App-frameworks-${CONFIGURATION}-input-files.xcfilelist",
			);
			name = "[CP] Embed Pods Frameworks";
			outputFileListPaths = (
				"${PODS_ROOT}/Target Support Files/Pods-API_App/Pods-API_App-frameworks-${CONFIGURATION}-output-files.xcfilelist",
			);
			runOnlyForDeploymentPostprocessing = 0;
			shellPath = /bin/sh;
			shellScript = "\"${PODS_ROOT}/Target Support Files/Pods-API_App/Pods-API_App-frameworks.sh\"\n";
			showEnvVarsInLog = 0;
		};
		DEDA95B24419F67FEA72116F /* [CP] Check Pods Manifest.lock */ = {
			isa = PBXShellScriptBuildPhase;
			buildActionMask = 2147483647;
			files = (
			);
			inputFileListPaths = (
			);
			inputPaths = (
				"${PODS_PODFILE_DIR_PATH}/Podfile.lock",
				"${PODS_ROOT}/Manifest.lock",
			);
			name = "[CP] Check Pods Manifest.lock";
			outputFileListPaths = (
			);
			outputPaths = (
				"$(DERIVED_FILE_DIR)/Pods-API_App-checkManifestLockResult.txt",
			);
			runOnlyForDeploymentPostprocessing = 0;
			shellPath = /bin/sh;
			shellScript = "diff \"${PODS_PODFILE_DIR_PATH}/Podfile.lock\" \"${PODS_ROOT}/Manifest.lock\" > /dev/null\nif [ $? != 0 ] ; then\n    # print error to STDERR\n    echo \"error: The sandbox is not in sync with the Podfile.lock. Run 'pod install' or update your CocoaPods installation.\" >&2\n    exit 1\nfi\n# This output is used by Xcode 'outputs' to avoid re-running this script phase.\necho \"SUCCESS\" > \"${SCRIPT_OUTPUT_FILE_0}\"\n";
			showEnvVarsInLog = 0;
		};
/* End PBXShellScriptBuildPhase section */

/* Begin PBXSourcesBuildPhase section */
		847F88EE28AC2B59009414F5 /* Sources */ = {
			isa = PBXSourcesBuildPhase;
			buildActionMask = 2147483647;
			files = (
				8483665328AC4138004DCAB5 /* DataBaseManager.swift in Sources */,
				847F88FA28AC2B59009414F5 /* ViewController.swift in Sources */,
				847F88F628AC2B59009414F5 /* AppDelegate.swift in Sources */,
				8483665728AD9933004DCAB5 /* TableViewCell.swift in Sources */,
				847F88F828AC2B59009414F5 /* SceneDelegate.swift in Sources */,
				8483665E28AECFAA004DCAB5 /* DetailViewViewController.swift in Sources */,
				8483665528AC4F48004DCAB5 /* Photo.swift in Sources */,
			);
			runOnlyForDeploymentPostprocessing = 0;
		};
/* End PBXSourcesBuildPhase section */

/* Begin PBXVariantGroup section */
		847F890028AC2B5C009414F5 /* LaunchScreen.storyboard */ = {
			isa = PBXVariantGroup;
			children = (
				847F890128AC2B5C009414F5 /* Base */,
			);
			name = LaunchScreen.storyboard;
			sourceTree = "<group>";
		};
		8483665A28ADB678004DCAB5 /* Main.storyboard */ = {
			isa = PBXVariantGroup;
			children = (
				8483665B28ADB678004DCAB5 /* Base */,
			);
			name = Main.storyboard;
			sourceTree = "<group>";
		};
/* End PBXVariantGroup section */

/* Begin XCBuildConfiguration section */
		847F890428AC2B5C009414F5 /* Debug */ = {
			isa = XCBuildConfiguration;
			buildSettings = {
				ALWAYS_SEARCH_USER_PATHS = NO;
				CLANG_ANALYZER_NONNULL = YES;
				CLANG_ANALYZER_NUMBER_OBJECT_CONVERSION = YES_AGGRESSIVE;
				CLANG_CXX_LANGUAGE_STANDARD = "gnu++17";
				CLANG_ENABLE_MODULES = YES;
				CLANG_ENABLE_OBJC_ARC = YES;
				CLANG_ENABLE_OBJC_WEAK = YES;
				CLANG_WARN_BLOCK_CAPTURE_AUTORELEASING = YES;
				CLANG_WARN_BOOL_CONVERSION = YES;
				CLANG_WARN_COMMA = YES;
				CLANG_WARN_CONSTANT_CONVERSION = YES;
				CLANG_WARN_DEPRECATED_OBJC_IMPLEMENTATIONS = YES;
				CLANG_WARN_DIRECT_OBJC_ISA_USAGE = YES_ERROR;
				CLANG_WARN_DOCUMENTATION_COMMENTS = YES;
				CLANG_WARN_EMPTY_BODY = YES;
				CLANG_WARN_ENUM_CONVERSION = YES;
				CLANG_WARN_INFINITE_RECURSION = YES;
				CLANG_WARN_INT_CONVERSION = YES;
				CLANG_WARN_NON_LITERAL_NULL_CONVERSION = YES;
				CLANG_WARN_OBJC_IMPLICIT_RETAIN_SELF = YES;
				CLANG_WARN_OBJC_LITERAL_CONVERSION = YES;
				CLANG_WARN_OBJC_ROOT_CLASS = YES_ERROR;
				CLANG_WARN_QUOTED_INCLUDE_IN_FRAMEWORK_HEADER = YES;
				CLANG_WARN_RANGE_LOOP_ANALYSIS = YES;
				CLANG_WARN_STRICT_PROTOTYPES = YES;
				CLANG_WARN_SUSPICIOUS_MOVE = YES;
				CLANG_WARN_UNGUARDED_AVAILABILITY = YES_AGGRESSIVE;
				CLANG_WARN_UNREACHABLE_CODE = YES;
				CLANG_WARN__DUPLICATE_METHOD_MATCH = YES;
				COPY_PHASE_STRIP = NO;
				DEBUG_INFORMATION_FORMAT = dwarf;
				ENABLE_STRICT_OBJC_MSGSEND = YES;
				ENABLE_TESTABILITY = YES;
				GCC_C_LANGUAGE_STANDARD = gnu11;
				GCC_DYNAMIC_NO_PIC = NO;
				GCC_NO_COMMON_BLOCKS = YES;
				GCC_OPTIMIZATION_LEVEL = 0;
				GCC_PREPROCESSOR_DEFINITIONS = (
					"DEBUG=1",
					"$(inherited)",
				);
				GCC_WARN_64_TO_32_BIT_CONVERSION = YES;
				GCC_WARN_ABOUT_RETURN_TYPE = YES_ERROR;
				GCC_WARN_UNDECLARED_SELECTOR = YES;
				GCC_WARN_UNINITIALIZED_AUTOS = YES_AGGRESSIVE;
				GCC_WARN_UNUSED_FUNCTION = YES;
				GCC_WARN_UNUSED_VARIABLE = YES;
				IPHONEOS_DEPLOYMENT_TARGET = 15.5;
				MTL_ENABLE_DEBUG_INFO = INCLUDE_SOURCE;
				MTL_FAST_MATH = YES;
				ONLY_ACTIVE_ARCH = YES;
				SDKROOT = iphoneos;
				SWIFT_ACTIVE_COMPILATION_CONDITIONS = DEBUG;
				SWIFT_OPTIMIZATION_LEVEL = "-Onone";
			};
			name = Debug;
		};
		847F890528AC2B5C009414F5 /* Release */ = {
			isa = XCBuildConfiguration;
			buildSettings = {
				ALWAYS_SEARCH_USER_PATHS = NO;
				CLANG_ANALYZER_NONNULL = YES;
				CLANG_ANALYZER_NUMBER_OBJECT_CONVERSION = YES_AGGRESSIVE;
				CLANG_CXX_LANGUAGE_STANDARD = "gnu++17";
				CLANG_ENABLE_MODULES = YES;
				CLANG_ENABLE_OBJC_ARC = YES;
				CLANG_ENABLE_OBJC_WEAK = YES;
				CLANG_WARN_BLOCK_CAPTURE_AUTORELEASING = YES;
				CLANG_WARN_BOOL_CONVERSION = YES;
				CLANG_WARN_COMMA = YES;
				CLANG_WARN_CONSTANT_CONVERSION = YES;
				CLANG_WARN_DEPRECATED_OBJC_IMPLEMENTATIONS = YES;
				CLANG_WARN_DIRECT_OBJC_ISA_USAGE = YES_ERROR;
				CLANG_WARN_DOCUMENTATION_COMMENTS = YES;
				CLANG_WARN_EMPTY_BODY = YES;
				CLANG_WARN_ENUM_CONVERSION = YES;
				CLANG_WARN_INFINITE_RECURSION = YES;
				CLANG_WARN_INT_CONVERSION = YES;
				CLANG_WARN_NON_LITERAL_NULL_CONVERSION = YES;
				CLANG_WARN_OBJC_IMPLICIT_RETAIN_SELF = YES;
				CLANG_WARN_OBJC_LITERAL_CONVERSION = YES;
				CLANG_WARN_OBJC_ROOT_CLASS = YES_ERROR;
				CLANG_WARN_QUOTED_INCLUDE_IN_FRAMEWORK_HEADER = YES;
				CLANG_WARN_RANGE_LOOP_ANALYSIS = YES;
				CLANG_WARN_STRICT_PROTOTYPES = YES;
				CLANG_WARN_SUSPICIOUS_MOVE = YES;
				CLANG_WARN_UNGUARDED_AVAILABILITY = YES_AGGRESSIVE;
				CLANG_WARN_UNREACHABLE_CODE = YES;
				CLANG_WARN__DUPLICATE_METHOD_MATCH = YES;
				COPY_PHASE_STRIP = NO;
				DEBUG_INFORMATION_FORMAT = "dwarf-with-dsym";
				ENABLE_NS_ASSERTIONS = NO;
				ENABLE_STRICT_OBJC_MSGSEND = YES;
				GCC_C_LANGUAGE_STANDARD = gnu11;
				GCC_NO_COMMON_BLOCKS = YES;
				GCC_WARN_64_TO_32_BIT_CONVERSION = YES;
				GCC_WARN_ABOUT_RETURN_TYPE = YES_ERROR;
				GCC_WARN_UNDECLARED_SELECTOR = YES;
				GCC_WARN_UNINITIALIZED_AUTOS = YES_AGGRESSIVE;
				GCC_WARN_UNUSED_FUNCTION = YES;
				GCC_WARN_UNUSED_VARIABLE = YES;
				IPHONEOS_DEPLOYMENT_TARGET = 15.5;
				MTL_ENABLE_DEBUG_INFO = NO;
				MTL_FAST_MATH = YES;
				SDKROOT = iphoneos;
				SWIFT_COMPILATION_MODE = wholemodule;
				SWIFT_OPTIMIZATION_LEVEL = "-O";
				VALIDATE_PRODUCT = YES;
			};
			name = Release;
		};
		847F890728AC2B5C009414F5 /* Debug */ = {
			isa = XCBuildConfiguration;
			baseConfigurationReference = C6108434D3A77F1030EA3088 /* Pods-API_App.debug.xcconfig */;
			buildSettings = {
				ASSETCATALOG_COMPILER_APPICON_NAME = AppIcon;
				ASSETCATALOG_COMPILER_GLOBAL_ACCENT_COLOR_NAME = AccentColor;
				CODE_SIGN_STYLE = Automatic;
				CURRENT_PROJECT_VERSION = 1;
				GENERATE_INFOPLIST_FILE = YES;
				INFOPLIST_FILE = API_App/Info.plist;
				INFOPLIST_KEY_UIApplicationSupportsIndirectInputEvents = YES;
				INFOPLIST_KEY_UILaunchStoryboardName = LaunchScreen;
				INFOPLIST_KEY_UIMainStoryboardFile = Main;
				INFOPLIST_KEY_UISupportedInterfaceOrientations = "UIInterfaceOrientationPortrait UIInterfaceOrientationLandscapeLeft UIInterfaceOrientationLandscapeRight";
				INFOPLIST_KEY_UISupportedInterfaceOrientations_iPad = "UIInterfaceOrientationPortrait UIInterfaceOrientationPortraitUpsideDown UIInterfaceOrientationLandscapeLeft UIInterfaceOrientationLandscapeRight";
				INFOPLIST_KEY_UISupportedInterfaceOrientations_iPhone = "UIInterfaceOrientationPortrait UIInterfaceOrientationLandscapeLeft UIInterfaceOrientationLandscapeRight";
				LD_RUNPATH_SEARCH_PATHS = (
					"$(inherited)",
					"@executable_path/Frameworks",
				);
				MARKETING_VERSION = 1.0;
				PRODUCT_BUNDLE_IDENTIFIER = "com.appboys.API-App";
				PRODUCT_NAME = "$(TARGET_NAME)";
				SWIFT_EMIT_LOC_STRINGS = YES;
				SWIFT_VERSION = 5.0;
				TARGETED_DEVICE_FAMILY = "1,2";
			};
			name = Debug;
		};
		847F890828AC2B5C009414F5 /* Release */ = {
			isa = XCBuildConfiguration;
			baseConfigurationReference = DC42E1446BCD965F8B7FA1CE /* Pods-API_App.release.xcconfig */;
			buildSettings = {
				ASSETCATALOG_COMPILER_APPICON_NAME = AppIcon;
				ASSETCATALOG_COMPILER_GLOBAL_ACCENT_COLOR_NAME = AccentColor;
				CODE_SIGN_STYLE = Automatic;
				CURRENT_PROJECT_VERSION = 1;
				GENERATE_INFOPLIST_FILE = YES;
				INFOPLIST_FILE = API_App/Info.plist;
				INFOPLIST_KEY_UIApplicationSupportsIndirectInputEvents = YES;
				INFOPLIST_KEY_UILaunchStoryboardName = LaunchScreen;
				INFOPLIST_KEY_UIMainStoryboardFile = Main;
				INFOPLIST_KEY_UISupportedInterfaceOrientations = "UIInterfaceOrientationPortrait UIInterfaceOrientationLandscapeLeft UIInterfaceOrientationLandscapeRight";
				INFOPLIST_KEY_UISupportedInterfaceOrientations_iPad = "UIInterfaceOrientationPortrait UIInterfaceOrientationPortraitUpsideDown UIInterfaceOrientationLandscapeLeft UIInterfaceOrientationLandscapeRight";
				INFOPLIST_KEY_UISupportedInterfaceOrientations_iPhone = "UIInterfaceOrientationPortrait UIInterfaceOrientationLandscapeLeft UIInterfaceOrientationLandscapeRight";
				LD_RUNPATH_SEARCH_PATHS = (
					"$(inherited)",
					"@executable_path/Frameworks",
				);
				MARKETING_VERSION = 1.0;
				PRODUCT_BUNDLE_IDENTIFIER = "com.appboys.API-App";
				PRODUCT_NAME = "$(TARGET_NAME)";
				SWIFT_EMIT_LOC_STRINGS = YES;
				SWIFT_VERSION = 5.0;
				TARGETED_DEVICE_FAMILY = "1,2";
			};
			name = Release;
		};
/* End XCBuildConfiguration section */

/* Begin XCConfigurationList section */
		847F88ED28AC2B59009414F5 /* Build configuration list for PBXProject "API_App" */ = {
			isa = XCConfigurationList;
			buildConfigurations = (
				847F890428AC2B5C009414F5 /* Debug */,
				847F890528AC2B5C009414F5 /* Release */,
			);
			defaultConfigurationIsVisible = 0;
			defaultConfigurationName = Release;
		};
		847F890628AC2B5C009414F5 /* Build configuration list for PBXNativeTarget "API_App" */ = {
			isa = XCConfigurationList;
			buildConfigurations = (
				847F890728AC2B5C009414F5 /* Debug */,
				847F890828AC2B5C009414F5 /* Release */,
			);
			defaultConfigurationIsVisible = 0;
			defaultConfigurationName = Release;
		};
/* End XCConfigurationList section */
	};
	rootObject = 847F88EA28AC2B59009414F5 /* Project object */;
}
